{
  "version": 4,
  "terraform_version": "1.8.5",
  "serial": 3,
  "lineage": "a5e385bc-3ff7-19a2-73e6-4b0561079eb1",
  "outputs": {},
  "resources": [
    {
      "mode": "managed",
      "type": "aws_vpc",
      "name": "test",
      "provider": "provider[\"registry.terraform.io/hashicorp/aws\"]",
      "instances": [
        {
          "index_key": "vpc-1",
          "schema_version": 1,
          "attributes": {
            "arn": "arn:aws:ec2:us-east-1:371785341544:vpc/vpc-0c2d76e54c0a1d807",
            "assign_generated_ipv6_cidr_block": false,
            "cidr_block": "10.0.0.0/16",
            "default_network_acl_id": "acl-03c8f6ba09d6a8620",
            "default_route_table_id": "rtb-066c61251a7ddf61b",
            "default_security_group_id": "sg-0ea92620f8a1dc4b5",
            "dhcp_options_id": "dopt-0d322f153212712da",
            "enable_dns_hostnames": false,
            "enable_dns_support": true,
            "enable_network_address_usage_metrics": false,
            "id": "vpc-0c2d76e54c0a1d807",
            "instance_tenancy": "default",
            "ipv4_ipam_pool_id": null,
            "ipv4_netmask_length": null,
            "ipv6_association_id": "",
            "ipv6_cidr_block": "",
            "ipv6_cidr_block_network_border_group": "",
            "ipv6_ipam_pool_id": "",
            "ipv6_netmask_length": 0,
            "main_route_table_id": "rtb-066c61251a7ddf61b",
            "owner_id": "371785341544",
            "tags": {
              "Name": "vpc-1"
            },
            "tags_all": {
              "Name": "vpc-1"
            }
          },
          "sensitive_attributes": [],
          "private": "eyJzY2hlbWFfdmVyc2lvbiI6IjEifQ=="
        },
        {
          "index_key": "vpc-2",
          "schema_version": 1,
          "attributes": {
            "arn": "arn:aws:ec2:us-east-1:371785341544:vpc/vpc-03b04a55d182ccb47",
            "assign_generated_ipv6_cidr_block": false,
            "cidr_block": "20.0.0.0/16",
            "default_network_acl_id": "acl-045214695d7207c09",
            "default_route_table_id": "rtb-0959b27752bf4f960",
            "default_security_group_id": "sg-061a13c470c35fc99",
            "dhcp_options_id": "dopt-0d322f153212712da",
            "enable_dns_hostnames": false,
            "enable_dns_support": true,
            "enable_network_address_usage_metrics": false,
            "id": "vpc-03b04a55d182ccb47",
            "instance_tenancy": "default",
            "ipv4_ipam_pool_id": null,
            "ipv4_netmask_length": null,
            "ipv6_association_id": "",
            "ipv6_cidr_block": "",
            "ipv6_cidr_block_network_border_group": "",
            "ipv6_ipam_pool_id": "",
            "ipv6_netmask_length": 0,
            "main_route_table_id": "rtb-0959b27752bf4f960",
            "owner_id": "371785341544",
            "tags": {
              "Name": "vpc-2"
            },
            "tags_all": {
              "Name": "vpc-2"
            }
          },
          "sensitive_attributes": [],
          "private": "eyJzY2hlbWFfdmVyc2lvbiI6IjEifQ=="
        }
      ]
    }
  ],
  "check_results": null
}
