{
  "version": 4,
  "terraform_version": "1.8.5",
  "serial": 3,
  "lineage": "09055729-8ef1-6d70-51ac-6fcd4fb5e098",
  "outputs": {},
  "resources": [
    {
      "mode": "managed",
      "type": "aws_vpc",
      "name": "vpc",
      "provider": "provider[\"registry.terraform.io/hashicorp/aws\"]",
      "instances": [
        {
          "index_key": "10.0.0.0/16",
          "schema_version": 1,
          "attributes": {
            "arn": "arn:aws:ec2:us-east-1:371785341544:vpc/vpc-0c8e42e4704413e7a",
            "assign_generated_ipv6_cidr_block": false,
            "cidr_block": "10.0.0.0/16",
            "default_network_acl_id": "acl-0056d52a7facaea01",
            "default_route_table_id": "rtb-0e92d448a38a31ae6",
            "default_security_group_id": "sg-032281d0dc91f3139",
            "dhcp_options_id": "dopt-0d322f153212712da",
            "enable_dns_hostnames": false,
            "enable_dns_support": true,
            "enable_network_address_usage_metrics": false,
            "id": "vpc-0c8e42e4704413e7a",
            "instance_tenancy": "default",
            "ipv4_ipam_pool_id": null,
            "ipv4_netmask_length": null,
            "ipv6_association_id": "",
            "ipv6_cidr_block": "",
            "ipv6_cidr_block_network_border_group": "",
            "ipv6_ipam_pool_id": "",
            "ipv6_netmask_length": 0,
            "main_route_table_id": "rtb-0e92d448a38a31ae6",
            "owner_id": "371785341544",
            "tags": null,
            "tags_all": {}
          },
          "sensitive_attributes": [],
          "private": "eyJzY2hlbWFfdmVyc2lvbiI6IjEifQ=="
        },
        {
          "index_key": "20.0.0.0/16",
          "schema_version": 1,
          "attributes": {
            "arn": "arn:aws:ec2:us-east-1:371785341544:vpc/vpc-0b279de0833efdcf4",
            "assign_generated_ipv6_cidr_block": false,
            "cidr_block": "20.0.0.0/16",
            "default_network_acl_id": "acl-0b3cc9eee5aa508a2",
            "default_route_table_id": "rtb-0cefe2e405f49e05a",
            "default_security_group_id": "sg-0beffd515f72621b8",
            "dhcp_options_id": "dopt-0d322f153212712da",
            "enable_dns_hostnames": false,
            "enable_dns_support": true,
            "enable_network_address_usage_metrics": false,
            "id": "vpc-0b279de0833efdcf4",
            "instance_tenancy": "default",
            "ipv4_ipam_pool_id": null,
            "ipv4_netmask_length": null,
            "ipv6_association_id": "",
            "ipv6_cidr_block": "",
            "ipv6_cidr_block_network_border_group": "",
            "ipv6_ipam_pool_id": "",
            "ipv6_netmask_length": 0,
            "main_route_table_id": "rtb-0cefe2e405f49e05a",
            "owner_id": "371785341544",
            "tags": null,
            "tags_all": {}
          },
          "sensitive_attributes": [],
          "private": "eyJzY2hlbWFfdmVyc2lvbiI6IjEifQ=="
        }
      ]
    }
  ],
  "check_results": null
}
